// !$*UTF8*$!
{
	archiveVersion = 1;
	classes = {
	};
	objectVersion = 45;
	objects = {

/* Begin PBXBuildFile section */
		1DDD58160DA1D0A300B32029 /* MainMenu.xib in Resources */ = {isa = PBXBuildFile; fileRef = 1DDD58140DA1D0A300B32029 /* MainMenu.xib */; };
		582E744F126B1D3E0077D935 /* GrowlController.m in Sources */ = {isa = PBXBuildFile; fileRef = 582E744E126B1D3E0077D935 /* GrowlController.m */; };
		585886631264DB7A00AD2F1A /* CommitWindow.xib in Resources */ = {isa = PBXBuildFile; fileRef = 585886621264DB7A00AD2F1A /* CommitWindow.xib */; };
		5858866B1264E25000AD2F1A /* CommitWindowController.m in Sources */ = {isa = PBXBuildFile; fileRef = 5858866A1264E25000AD2F1A /* CommitWindowController.m */; };
		5858898F1266417700AD2F1A /* ANSIEscapeHelper.m in Sources */ = {isa = PBXBuildFile; fileRef = 5858898E1266417700AD2F1A /* ANSIEscapeHelper.m */; };
		588ACB0F124AAF12004F3785 /* PasswordHelper.m in Sources */ = {isa = PBXBuildFile; fileRef = 588ACB03124AAE5E004F3785 /* PasswordHelper.m */; };
		588ACB10124AAF13004F3785 /* Askpass.m in Sources */ = {isa = PBXBuildFile; fileRef = 588ACB01124AAE5E004F3785 /* Askpass.m */; };
		588ACB15124AAF91004F3785 /* Security.framework in Frameworks */ = {isa = PBXBuildFile; fileRef = 588ACB14124AAF91004F3785 /* Security.framework */; };
		588ACBD9124AB094004F3785 /* AskPass in Resources */ = {isa = PBXBuildFile; fileRef = 588ACB09124AAE96004F3785 /* AskPass */; };
		588ACDCF124C153A004F3785 /* Sparkle.framework in Frameworks */ = {isa = PBXBuildFile; fileRef = 588ACDCE124C153A004F3785 /* Sparkle.framework */; };
		588ACDE3124C15A0004F3785 /* Sparkle.framework in CopyFiles */ = {isa = PBXBuildFile; fileRef = 588ACDCE124C153A004F3785 /* Sparkle.framework */; };
		588ACDF3124C184E004F3785 /* sparkle_pub_key.pem in Resources */ = {isa = PBXBuildFile; fileRef = 588ACDF2124C184E004F3785 /* sparkle_pub_key.pem */; };
		58CC7460124EBACA003BA5EB /* icon_menu.png in Resources */ = {isa = PBXBuildFile; fileRef = 58CC745F124EBACA003BA5EB /* icon_menu.png */; };
		58CC7466124EBB20003BA5EB /* icon_menu_inverted.png in Resources */ = {isa = PBXBuildFile; fileRef = 58CC7465124EBB20003BA5EB /* icon_menu_inverted.png */; };
		58CC74FA124ECAEA003BA5EB /* icon_app_32.png in Resources */ = {isa = PBXBuildFile; fileRef = 58CC74F9124ECAEA003BA5EB /* icon_app_32.png */; };
		58CC7525124ED08A003BA5EB /* icon_app.icns in Resources */ = {isa = PBXBuildFile; fileRef = 58CC7524124ED08A003BA5EB /* icon_app.icns */; };
		58DEBC83124009E500DE7C7E /* PSCocoaExtensions.m in Sources */ = {isa = PBXBuildFile; fileRef = 58DEBC69124009E500DE7C7E /* PSCocoaExtensions.m */; };
		58DEBC84124009E500DE7C7E /* PSFoundationExtensions.m in Sources */ = {isa = PBXBuildFile; fileRef = 58DEBC6B124009E500DE7C7E /* PSFoundationExtensions.m */; };
		58DEBC85124009E500DE7C7E /* PSIntArray.m in Sources */ = {isa = PBXBuildFile; fileRef = 58DEBC6D124009E500DE7C7E /* PSIntArray.m */; };
		58DEBC86124009E500DE7C7E /* PSModel.m in Sources */ = {isa = PBXBuildFile; fileRef = 58DEBC71124009E500DE7C7E /* PSModel.m */; };
		58DEBC87124009E500DE7C7E /* PSModelManager.m in Sources */ = {isa = PBXBuildFile; fileRef = 58DEBC73124009E500DE7C7E /* PSModelManager.m */; };
		58DEBC88124009E500DE7C7E /* PSPathBuilder.m in Sources */ = {isa = PBXBuildFile; fileRef = 58DEBC75124009E500DE7C7E /* PSPathBuilder.m */; };
		58DEC0511242B47100DE7C7E /* RegexKitLite.m in Sources */ = {isa = PBXBuildFile; fileRef = 58DEC0501242B47100DE7C7E /* RegexKitLite.m */; };
		58DEC0591242B6EB00DE7C7E /* libicucore.dylib in Frameworks */ = {isa = PBXBuildFile; fileRef = 58DEC0581242B6EB00DE7C7E /* libicucore.dylib */; };
		58DEC0C61242C16600DE7C7E /* Growl.framework in Frameworks */ = {isa = PBXBuildFile; fileRef = 58DEC0C51242C16600DE7C7E /* Growl.framework */; };
		58DEC1051242C3AD00DE7C7E /* Growl.framework in CopyFiles */ = {isa = PBXBuildFile; fileRef = 58DEC0C51242C16600DE7C7E /* Growl.framework */; };
		58DEC10E1242C3C200DE7C7E /* Growl Registration Ticket.growlRegDict in Resources */ = {isa = PBXBuildFile; fileRef = 58DEC0C91242C1A500DE7C7E /* Growl Registration Ticket.growlRegDict */; };
		58DEC36612451E7D00DE7C7E /* Preferences.xib in Resources */ = {isa = PBXBuildFile; fileRef = 58DEC36512451E7D00DE7C7E /* Preferences.xib */; };
		58DEC8361246C6B300DE7C7E /* Commit.m in Sources */ = {isa = PBXBuildFile; fileRef = 58DEC81F1246C6B300DE7C7E /* Commit.m */; };
		58DEC8371246C6B300DE7C7E /* Defaults.m in Sources */ = {isa = PBXBuildFile; fileRef = 58DEC8211246C6B300DE7C7E /* Defaults.m */; };
		58DEC8381246C6B300DE7C7E /* Git.m in Sources */ = {isa = PBXBuildFile; fileRef = 58DEC8231246C6B300DE7C7E /* Git.m */; };
		58DEC8391246C6B300DE7C7E /* GitifierAppDelegate.m in Sources */ = {isa = PBXBuildFile; fileRef = 58DEC8251246C6B300DE7C7E /* GitifierAppDelegate.m */; };
		58DEC83A1246C6B300DE7C7E /* LoginItemController.m in Sources */ = {isa = PBXBuildFile; fileRef = 58DEC8271246C6B300DE7C7E /* LoginItemController.m */; };
		58DEC83B1246C6B300DE7C7E /* Monitor.m in Sources */ = {isa = PBXBuildFile; fileRef = 58DEC8291246C6B300DE7C7E /* Monitor.m */; };
		58DEC83C1246C6B300DE7C7E /* NewRepositoryDialogController.m in Sources */ = {isa = PBXBuildFile; fileRef = 58DEC82B1246C6B300DE7C7E /* NewRepositoryDialogController.m */; };
		58DEC83D1246C6B300DE7C7E /* PreferencesWindowController.m in Sources */ = {isa = PBXBuildFile; fileRef = 58DEC82D1246C6B300DE7C7E /* PreferencesWindowController.m */; };
		58DEC83E1246C6B300DE7C7E /* Repository.m in Sources */ = {isa = PBXBuildFile; fileRef = 58DEC82F1246C6B300DE7C7E /* Repository.m */; };
		58DEC83F1246C6B300DE7C7E /* RepositoryListController.m in Sources */ = {isa = PBXBuildFile; fileRef = 58DEC8311246C6B300DE7C7E /* RepositoryListController.m */; };
		58DEC8401246C6B300DE7C7E /* StatusBarController.m in Sources */ = {isa = PBXBuildFile; fileRef = 58DEC8331246C6B300DE7C7E /* StatusBarController.m */; };
		58DEC8411246C6B300DE7C7E /* Utils.m in Sources */ = {isa = PBXBuildFile; fileRef = 58DEC8351246C6B300DE7C7E /* Utils.m */; };
		58DECCC9124969DE00DE7C7E /* DBPrefsWindowController.m in Sources */ = {isa = PBXBuildFile; fileRef = 58DECCC8124969DE00DE7C7E /* DBPrefsWindowController.m */; };
		8D11072B0486CEB800E47090 /* InfoPlist.strings in Resources */ = {isa = PBXBuildFile; fileRef = 089C165CFE840E0CC02AAC07 /* InfoPlist.strings */; };
		8D11072D0486CEB800E47090 /* main.m in Sources */ = {isa = PBXBuildFile; fileRef = 29B97316FDCFA39411CA2CEA /* main.m */; settings = {ATTRIBUTES = (); }; };
		8D11072F0486CEB800E47090 /* Cocoa.framework in Frameworks */ = {isa = PBXBuildFile; fileRef = 1058C7A1FEA54F0111CA2CBB /* Cocoa.framework */; };
/* End PBXBuildFile section */

/* Begin PBXContainerItemProxy section */
		588ACBE6124AB0C3004F3785 /* PBXContainerItemProxy */ = {
			isa = PBXContainerItemProxy;
			containerPortal = 29B97313FDCFA39411CA2CEA /* Project object */;
			proxyType = 1;
			remoteGlobalIDString = 588ACB08124AAE96004F3785;
			remoteInfo = AskPass;
		};
/* End PBXContainerItemProxy section */

/* Begin PBXCopyFilesBuildPhase section */
		58DEC0FD1242C39600DE7C7E /* CopyFiles */ = {
			isa = PBXCopyFilesBuildPhase;
			buildActionMask = 2147483647;
			dstPath = "";
			dstSubfolderSpec = 10;
			files = (
				58DEC1051242C3AD00DE7C7E /* Growl.framework in CopyFiles */,
				588ACDE3124C15A0004F3785 /* Sparkle.framework in CopyFiles */,
			);
			runOnlyForDeploymentPostprocessing = 0;
		};
/* End PBXCopyFilesBuildPhase section */

/* Begin PBXFileReference section */
		089C165DFE840E0CC02AAC07 /* English */ = {isa = PBXFileReference; fileEncoding = 4; lastKnownFileType = text.plist.strings; name = English; path = English.lproj/InfoPlist.strings; sourceTree = "<group>"; };
		1058C7A1FEA54F0111CA2CBB /* Cocoa.framework */ = {isa = PBXFileReference; lastKnownFileType = wrapper.framework; name = Cocoa.framework; path = /System/Library/Frameworks/Cocoa.framework; sourceTree = "<absolute>"; };
		1DDD58150DA1D0A300B32029 /* English */ = {isa = PBXFileReference; lastKnownFileType = file.xib; name = English; path = English.lproj/MainMenu.xib; sourceTree = "<group>"; };
		256AC3F00F4B6AF500CF3369 /* Gitifier_Prefix.pch */ = {isa = PBXFileReference; fileEncoding = 4; lastKnownFileType = sourcecode.c.h; path = Gitifier_Prefix.pch; sourceTree = "<group>"; };
		29B97316FDCFA39411CA2CEA /* main.m */ = {isa = PBXFileReference; fileEncoding = 4; lastKnownFileType = sourcecode.c.objc; path = main.m; sourceTree = "<group>"; };
		29B97324FDCFA39411CA2CEA /* AppKit.framework */ = {isa = PBXFileReference; lastKnownFileType = wrapper.framework; name = AppKit.framework; path = /System/Library/Frameworks/AppKit.framework; sourceTree = "<absolute>"; };
		29B97325FDCFA39411CA2CEA /* Foundation.framework */ = {isa = PBXFileReference; lastKnownFileType = wrapper.framework; name = Foundation.framework; path = /System/Library/Frameworks/Foundation.framework; sourceTree = "<absolute>"; };
		582E744D126B1D3E0077D935 /* GrowlController.h */ = {isa = PBXFileReference; fileEncoding = 4; lastKnownFileType = sourcecode.c.h; path = GrowlController.h; sourceTree = "<group>"; };
		582E744E126B1D3E0077D935 /* GrowlController.m */ = {isa = PBXFileReference; fileEncoding = 4; lastKnownFileType = sourcecode.c.objc; path = GrowlController.m; sourceTree = "<group>"; };
		585886601264DB6A00AD2F1A /* English */ = {isa = PBXFileReference; lastKnownFileType = file.xib; name = English; path = English.lproj/CommitWindow.xib; sourceTree = "<group>"; };
		585886691264E25000AD2F1A /* CommitWindowController.h */ = {isa = PBXFileReference; fileEncoding = 4; lastKnownFileType = sourcecode.c.h; path = CommitWindowController.h; sourceTree = "<group>"; };
		5858866A1264E25000AD2F1A /* CommitWindowController.m */ = {isa = PBXFileReference; fileEncoding = 4; lastKnownFileType = sourcecode.c.objc; path = CommitWindowController.m; sourceTree = "<group>"; };
		5858898D1266417700AD2F1A /* ANSIEscapeHelper.h */ = {isa = PBXFileReference; fileEncoding = 4; lastKnownFileType = sourcecode.c.h; path = ANSIEscapeHelper.h; sourceTree = "<group>"; };
		5858898E1266417700AD2F1A /* ANSIEscapeHelper.m */ = {isa = PBXFileReference; fileEncoding = 4; lastKnownFileType = sourcecode.c.objc; path = ANSIEscapeHelper.m; sourceTree = "<group>"; };
		5875B2181252BA9000E7B753 /* README.markdown */ = {isa = PBXFileReference; fileEncoding = 4; lastKnownFileType = text; path = README.markdown; sourceTree = "<group>"; };
		588ACB01124AAE5E004F3785 /* Askpass.m */ = {isa = PBXFileReference; fileEncoding = 4; lastKnownFileType = sourcecode.c.objc; path = Askpass.m; sourceTree = "<group>"; };
		588ACB02124AAE5E004F3785 /* PasswordHelper.h */ = {isa = PBXFileReference; fileEncoding = 4; lastKnownFileType = sourcecode.c.h; path = PasswordHelper.h; sourceTree = "<group>"; };
		588ACB03124AAE5E004F3785 /* PasswordHelper.m */ = {isa = PBXFileReference; fileEncoding = 4; lastKnownFileType = sourcecode.c.objc; path = PasswordHelper.m; sourceTree = "<group>"; };
		588ACB09124AAE96004F3785 /* AskPass */ = {isa = PBXFileReference; explicitFileType = "compiled.mach-o.executable"; includeInIndex = 0; path = AskPass; sourceTree = BUILT_PRODUCTS_DIR; };
		588ACB14124AAF91004F3785 /* Security.framework */ = {isa = PBXFileReference; lastKnownFileType = wrapper.framework; name = Security.framework; path = System/Library/Frameworks/Security.framework; sourceTree = SDKROOT; };
		588ACDCE124C153A004F3785 /* Sparkle.framework */ = {isa = PBXFileReference; lastKnownFileType = wrapper.framework; path = Sparkle.framework; sourceTree = "<group>"; };
		588ACDF2124C184E004F3785 /* sparkle_pub_key.pem */ = {isa = PBXFileReference; fileEncoding = 4; lastKnownFileType = text; path = sparkle_pub_key.pem; sourceTree = "<group>"; };
		588ACDFF124C1C80004F3785 /* gitifier_appcast.xml */ = {isa = PBXFileReference; fileEncoding = 4; lastKnownFileType = text.xml; path = gitifier_appcast.xml; sourceTree = "<group>"; };
		588ACE01124C1CB1004F3785 /* appcast.css */ = {isa = PBXFileReference; fileEncoding = 4; lastKnownFileType = text.css; path = appcast.css; sourceTree = "<group>"; };
		58CC745F124EBACA003BA5EB /* icon_menu.png */ = {isa = PBXFileReference; lastKnownFileType = image.png; path = icon_menu.png; sourceTree = "<group>"; };
		58CC7465124EBB20003BA5EB /* icon_menu_inverted.png */ = {isa = PBXFileReference; lastKnownFileType = image.png; path = icon_menu_inverted.png; sourceTree = "<group>"; };
		58CC74F9124ECAEA003BA5EB /* icon_app_32.png */ = {isa = PBXFileReference; lastKnownFileType = image.png; path = icon_app_32.png; sourceTree = "<group>"; };
		58CC7524124ED08A003BA5EB /* icon_app.icns */ = {isa = PBXFileReference; lastKnownFileType = image.icns; path = icon_app.icns; sourceTree = "<group>"; };
		58DEBC68124009E500DE7C7E /* PSCocoaExtensions.h */ = {isa = PBXFileReference; fileEncoding = 4; lastKnownFileType = sourcecode.c.h; path = PSCocoaExtensions.h; sourceTree = "<group>"; };
		58DEBC69124009E500DE7C7E /* PSCocoaExtensions.m */ = {isa = PBXFileReference; fileEncoding = 4; lastKnownFileType = sourcecode.c.objc; path = PSCocoaExtensions.m; sourceTree = "<group>"; };
		58DEBC6A124009E500DE7C7E /* PSFoundationExtensions.h */ = {isa = PBXFileReference; fileEncoding = 4; lastKnownFileType = sourcecode.c.h; path = PSFoundationExtensions.h; sourceTree = "<group>"; };
		58DEBC6B124009E500DE7C7E /* PSFoundationExtensions.m */ = {isa = PBXFileReference; fileEncoding = 4; lastKnownFileType = sourcecode.c.objc; path = PSFoundationExtensions.m; sourceTree = "<group>"; };
		58DEBC6C124009E500DE7C7E /* PSIntArray.h */ = {isa = PBXFileReference; fileEncoding = 4; lastKnownFileType = sourcecode.c.h; path = PSIntArray.h; sourceTree = "<group>"; };
		58DEBC6D124009E500DE7C7E /* PSIntArray.m */ = {isa = PBXFileReference; fileEncoding = 4; lastKnownFileType = sourcecode.c.objc; path = PSIntArray.m; sourceTree = "<group>"; };
		58DEBC6E124009E500DE7C7E /* PsiToolkit.h */ = {isa = PBXFileReference; fileEncoding = 4; lastKnownFileType = sourcecode.c.h; path = PsiToolkit.h; sourceTree = "<group>"; };
		58DEBC6F124009E500DE7C7E /* PSMacros.h */ = {isa = PBXFileReference; fileEncoding = 4; lastKnownFileType = sourcecode.c.h; path = PSMacros.h; sourceTree = "<group>"; };
		58DEBC70124009E500DE7C7E /* PSModel.h */ = {isa = PBXFileReference; fileEncoding = 4; lastKnownFileType = sourcecode.c.h; path = PSModel.h; sourceTree = "<group>"; };
		58DEBC71124009E500DE7C7E /* PSModel.m */ = {isa = PBXFileReference; fileEncoding = 4; lastKnownFileType = sourcecode.c.objc; path = PSModel.m; sourceTree = "<group>"; };
		58DEBC72124009E500DE7C7E /* PSModelManager.h */ = {isa = PBXFileReference; fileEncoding = 4; lastKnownFileType = sourcecode.c.h; path = PSModelManager.h; sourceTree = "<group>"; };
		58DEBC73124009E500DE7C7E /* PSModelManager.m */ = {isa = PBXFileReference; fileEncoding = 4; lastKnownFileType = sourcecode.c.objc; path = PSModelManager.m; sourceTree = "<group>"; };
		58DEBC74124009E500DE7C7E /* PSPathBuilder.h */ = {isa = PBXFileReference; fileEncoding = 4; lastKnownFileType = sourcecode.c.h; path = PSPathBuilder.h; sourceTree = "<group>"; };
		58DEBC75124009E500DE7C7E /* PSPathBuilder.m */ = {isa = PBXFileReference; fileEncoding = 4; lastKnownFileType = sourcecode.c.objc; path = PSPathBuilder.m; sourceTree = "<group>"; };
		58DEC04F1242B47100DE7C7E /* RegexKitLite.h */ = {isa = PBXFileReference; fileEncoding = 4; lastKnownFileType = sourcecode.c.h; path = RegexKitLite.h; sourceTree = "<group>"; };
		58DEC0501242B47100DE7C7E /* RegexKitLite.m */ = {isa = PBXFileReference; fileEncoding = 4; lastKnownFileType = sourcecode.c.objc; path = RegexKitLite.m; sourceTree = "<group>"; };
		58DEC0581242B6EB00DE7C7E /* libicucore.dylib */ = {isa = PBXFileReference; lastKnownFileType = "compiled.mach-o.dylib"; name = libicucore.dylib; path = usr/lib/libicucore.dylib; sourceTree = SDKROOT; };
		58DEC0C51242C16600DE7C7E /* Growl.framework */ = {isa = PBXFileReference; lastKnownFileType = wrapper.framework; path = Growl.framework; sourceTree = "<group>"; };
		58DEC0C91242C1A500DE7C7E /* Growl Registration Ticket.growlRegDict */ = {isa = PBXFileReference; fileEncoding = 4; lastKnownFileType = text.xml; path = "Growl Registration Ticket.growlRegDict"; sourceTree = "<group>"; };
		58DEC35F12451E5C00DE7C7E /* English */ = {isa = PBXFileReference; lastKnownFileType = file.xib; name = English; path = English.lproj/Preferences.xib; sourceTree = "<group>"; };
		58DEC81E1246C6B300DE7C7E /* Commit.h */ = {isa = PBXFileReference; fileEncoding = 4; lastKnownFileType = sourcecode.c.h; path = Commit.h; sourceTree = "<group>"; };
		58DEC81F1246C6B300DE7C7E /* Commit.m */ = {isa = PBXFileReference; fileEncoding = 4; lastKnownFileType = sourcecode.c.objc; path = Commit.m; sourceTree = "<group>"; };
		58DEC8201246C6B300DE7C7E /* Defaults.h */ = {isa = PBXFileReference; fileEncoding = 4; lastKnownFileType = sourcecode.c.h; path = Defaults.h; sourceTree = "<group>"; };
		58DEC8211246C6B300DE7C7E /* Defaults.m */ = {isa = PBXFileReference; fileEncoding = 4; lastKnownFileType = sourcecode.c.objc; path = Defaults.m; sourceTree = "<group>"; };
		58DEC8221246C6B300DE7C7E /* Git.h */ = {isa = PBXFileReference; fileEncoding = 4; lastKnownFileType = sourcecode.c.h; path = Git.h; sourceTree = "<group>"; };
		58DEC8231246C6B300DE7C7E /* Git.m */ = {isa = PBXFileReference; fileEncoding = 4; lastKnownFileType = sourcecode.c.objc; path = Git.m; sourceTree = "<group>"; };
		58DEC8241246C6B300DE7C7E /* GitifierAppDelegate.h */ = {isa = PBXFileReference; fileEncoding = 4; lastKnownFileType = sourcecode.c.h; path = GitifierAppDelegate.h; sourceTree = "<group>"; };
		58DEC8251246C6B300DE7C7E /* GitifierAppDelegate.m */ = {isa = PBXFileReference; fileEncoding = 4; lastKnownFileType = sourcecode.c.objc; path = GitifierAppDelegate.m; sourceTree = "<group>"; };
		58DEC8261246C6B300DE7C7E /* LoginItemController.h */ = {isa = PBXFileReference; fileEncoding = 4; lastKnownFileType = sourcecode.c.h; path = LoginItemController.h; sourceTree = "<group>"; };
		58DEC8271246C6B300DE7C7E /* LoginItemController.m */ = {isa = PBXFileReference; fileEncoding = 4; lastKnownFileType = sourcecode.c.objc; path = LoginItemController.m; sourceTree = "<group>"; };
		58DEC8281246C6B300DE7C7E /* Monitor.h */ = {isa = PBXFileReference; fileEncoding = 4; lastKnownFileType = sourcecode.c.h; path = Monitor.h; sourceTree = "<group>"; };
		58DEC8291246C6B300DE7C7E /* Monitor.m */ = {isa = PBXFileReference; fileEncoding = 4; lastKnownFileType = sourcecode.c.objc; path = Monitor.m; sourceTree = "<group>"; };
		58DEC82A1246C6B300DE7C7E /* NewRepositoryDialogController.h */ = {isa = PBXFileReference; fileEncoding = 4; lastKnownFileType = sourcecode.c.h; path = NewRepositoryDialogController.h; sourceTree = "<group>"; };
		58DEC82B1246C6B300DE7C7E /* NewRepositoryDialogController.m */ = {isa = PBXFileReference; fileEncoding = 4; lastKnownFileType = sourcecode.c.objc; path = NewRepositoryDialogController.m; sourceTree = "<group>"; };
		58DEC82C1246C6B300DE7C7E /* PreferencesWindowController.h */ = {isa = PBXFileReference; fileEncoding = 4; lastKnownFileType = sourcecode.c.h; path = PreferencesWindowController.h; sourceTree = "<group>"; };
		58DEC82D1246C6B300DE7C7E /* PreferencesWindowController.m */ = {isa = PBXFileReference; fileEncoding = 4; lastKnownFileType = sourcecode.c.objc; path = PreferencesWindowController.m; sourceTree = "<group>"; };
		58DEC82E1246C6B300DE7C7E /* Repository.h */ = {isa = PBXFileReference; fileEncoding = 4; lastKnownFileType = sourcecode.c.h; path = Repository.h; sourceTree = "<group>"; };
		58DEC82F1246C6B300DE7C7E /* Repository.m */ = {isa = PBXFileReference; fileEncoding = 4; lastKnownFileType = sourcecode.c.objc; path = Repository.m; sourceTree = "<group>"; };
		58DEC8301246C6B300DE7C7E /* RepositoryListController.h */ = {isa = PBXFileReference; fileEncoding = 4; lastKnownFileType = sourcecode.c.h; path = RepositoryListController.h; sourceTree = "<group>"; };
		58DEC8311246C6B300DE7C7E /* RepositoryListController.m */ = {isa = PBXFileReference; fileEncoding = 4; lastKnownFileType = sourcecode.c.objc; path = RepositoryListController.m; sourceTree = "<group>"; };
		58DEC8321246C6B300DE7C7E /* StatusBarController.h */ = {isa = PBXFileReference; fileEncoding = 4; lastKnownFileType = sourcecode.c.h; path = StatusBarController.h; sourceTree = "<group>"; };
		58DEC8331246C6B300DE7C7E /* StatusBarController.m */ = {isa = PBXFileReference; fileEncoding = 4; lastKnownFileType = sourcecode.c.objc; path = StatusBarController.m; sourceTree = "<group>"; };
		58DEC8341246C6B300DE7C7E /* Utils.h */ = {isa = PBXFileReference; fileEncoding = 4; lastKnownFileType = sourcecode.c.h; path = Utils.h; sourceTree = "<group>"; };
		58DEC8351246C6B300DE7C7E /* Utils.m */ = {isa = PBXFileReference; fileEncoding = 4; lastKnownFileType = sourcecode.c.objc; path = Utils.m; sourceTree = "<group>"; };
		58DECCC7124969DE00DE7C7E /* DBPrefsWindowController.h */ = {isa = PBXFileReference; fileEncoding = 4; lastKnownFileType = sourcecode.c.h; path = DBPrefsWindowController.h; sourceTree = "<group>"; };
		58DECCC8124969DE00DE7C7E /* DBPrefsWindowController.m */ = {isa = PBXFileReference; fileEncoding = 4; lastKnownFileType = sourcecode.c.objc; path = DBPrefsWindowController.m; sourceTree = "<group>"; };
		8D1107310486CEB800E47090 /* Gitifier-Info.plist */ = {isa = PBXFileReference; fileEncoding = 4; lastKnownFileType = text.plist.xml; path = "Gitifier-Info.plist"; sourceTree = "<group>"; };
		8D1107320486CEB800E47090 /* Gitifier.app */ = {isa = PBXFileReference; explicitFileType = wrapper.application; includeInIndex = 0; path = Gitifier.app; sourceTree = BUILT_PRODUCTS_DIR; };
/* End PBXFileReference section */

/* Begin PBXFrameworksBuildPhase section */
		588ACB07124AAE96004F3785 /* Frameworks */ = {
			isa = PBXFrameworksBuildPhase;
			buildActionMask = 2147483647;
			files = (
				588ACB15124AAF91004F3785 /* Security.framework in Frameworks */,
			);
			runOnlyForDeploymentPostprocessing = 0;
		};
		8D11072E0486CEB800E47090 /* Frameworks */ = {
			isa = PBXFrameworksBuildPhase;
			buildActionMask = 2147483647;
			files = (
				8D11072F0486CEB800E47090 /* Cocoa.framework in Frameworks */,
				58DEC0591242B6EB00DE7C7E /* libicucore.dylib in Frameworks */,
				58DEC0C61242C16600DE7C7E /* Growl.framework in Frameworks */,
				588ACDCF124C153A004F3785 /* Sparkle.framework in Frameworks */,
			);
			runOnlyForDeploymentPostprocessing = 0;
		};
/* End PBXFrameworksBuildPhase section */

/* Begin PBXGroup section */
		1058C7A0FEA54F0111CA2CBB /* Linked Frameworks */ = {
			isa = PBXGroup;
			children = (
				1058C7A1FEA54F0111CA2CBB /* Cocoa.framework */,
			);
			name = "Linked Frameworks";
			sourceTree = "<group>";
		};
		1058C7A2FEA54F0111CA2CBB /* Other Frameworks */ = {
			isa = PBXGroup;
			children = (
				29B97324FDCFA39411CA2CEA /* AppKit.framework */,
				29B97325FDCFA39411CA2CEA /* Foundation.framework */,
				588ACB14124AAF91004F3785 /* Security.framework */,
			);
			name = "Other Frameworks";
			sourceTree = "<group>";
		};
		19C28FACFE9D520D11CA2CBB /* Products */ = {
			isa = PBXGroup;
			children = (
				8D1107320486CEB800E47090 /* Gitifier.app */,
				588ACB09124AAE96004F3785 /* AskPass */,
			);
			name = Products;
			sourceTree = "<group>";
		};
		29B97314FDCFA39411CA2CEA /* Gitifier */ = {
			isa = PBXGroup;
			children = (
				58DEC81D1246C63400DE7C7E /* Classes */,
				58DEBC5B124009CD00DE7C7E /* Lib */,
				29B97315FDCFA39411CA2CEA /* Other Sources */,
				29B97317FDCFA39411CA2CEA /* Resources */,
				588ACDF0124C1834004F3785 /* Sparkle */,
				29B97323FDCFA39411CA2CEA /* Frameworks */,
				19C28FACFE9D520D11CA2CBB /* Products */,
			);
			name = Gitifier;
			sourceTree = "<group>";
		};
		29B97315FDCFA39411CA2CEA /* Other Sources */ = {
			isa = PBXGroup;
			children = (
				256AC3F00F4B6AF500CF3369 /* Gitifier_Prefix.pch */,
				29B97316FDCFA39411CA2CEA /* main.m */,
			);
			name = "Other Sources";
			sourceTree = "<group>";
		};
		29B97317FDCFA39411CA2CEA /* Resources */ = {
			isa = PBXGroup;
			children = (
				58AA4BDA123D604A00E2E059 /* Images */,
				8D1107310486CEB800E47090 /* Gitifier-Info.plist */,
				089C165CFE840E0CC02AAC07 /* InfoPlist.strings */,
				1DDD58140DA1D0A300B32029 /* MainMenu.xib */,
				58DEC36512451E7D00DE7C7E /* Preferences.xib */,
				58DEC0C91242C1A500DE7C7E /* Growl Registration Ticket.growlRegDict */,
				585886621264DB7A00AD2F1A /* CommitWindow.xib */,
				5875B2181252BA9000E7B753 /* README.markdown */,
			);
			name = Resources;
			sourceTree = "<group>";
		};
		29B97323FDCFA39411CA2CEA /* Frameworks */ = {
			isa = PBXGroup;
			children = (
				1058C7A0FEA54F0111CA2CBB /* Linked Frameworks */,
				1058C7A2FEA54F0111CA2CBB /* Other Frameworks */,
				58DEC0581242B6EB00DE7C7E /* libicucore.dylib */,
			);
			name = Frameworks;
			sourceTree = "<group>";
		};
		5858898C1266417700AD2F1A /* ANSIEscapeHelper */ = {
			isa = PBXGroup;
			children = (
				5858898D1266417700AD2F1A /* ANSIEscapeHelper.h */,
				5858898E1266417700AD2F1A /* ANSIEscapeHelper.m */,
			);
			path = ANSIEscapeHelper;
			sourceTree = "<group>";
		};
		588ACAF7124AAE11004F3785 /* AskPass */ = {
			isa = PBXGroup;
			children = (
				588ACB01124AAE5E004F3785 /* Askpass.m */,
				588ACB02124AAE5E004F3785 /* PasswordHelper.h */,
				588ACB03124AAE5E004F3785 /* PasswordHelper.m */,
			);
			path = AskPass;
			sourceTree = "<group>";
		};
		588ACDF0124C1834004F3785 /* Sparkle */ = {
			isa = PBXGroup;
			children = (
				588ACE01124C1CB1004F3785 /* appcast.css */,
				588ACDFF124C1C80004F3785 /* gitifier_appcast.xml */,
				588ACDF2124C184E004F3785 /* sparkle_pub_key.pem */,
			);
			path = Sparkle;
			sourceTree = "<group>";
		};
		58AA4BDA123D604A00E2E059 /* Images */ = {
			isa = PBXGroup;
			children = (
				58CC7524124ED08A003BA5EB /* icon_app.icns */,
				58CC74F9124ECAEA003BA5EB /* icon_app_32.png */,
				58CC745F124EBACA003BA5EB /* icon_menu.png */,
				58CC7465124EBB20003BA5EB /* icon_menu_inverted.png */,
			);
			path = Images;
			sourceTree = "<group>";
		};
		58DEBC5B124009CD00DE7C7E /* Lib */ = {
			isa = PBXGroup;
			children = (
				5858898C1266417700AD2F1A /* ANSIEscapeHelper */,
				588ACAF7124AAE11004F3785 /* AskPass */,
				58DECCC5124969BF00DE7C7E /* DBPrefsController */,
				58DEBC5C124009E500DE7C7E /* PsiToolkit */,
				58DEC04E1242B47100DE7C7E /* RegexKitLite */,
				58DEC0C51242C16600DE7C7E /* Growl.framework */,
				588ACDCE124C153A004F3785 /* Sparkle.framework */,
			);
			path = Lib;
			sourceTree = "<group>";
		};
		58DEBC5C124009E500DE7C7E /* PsiToolkit */ = {
			isa = PBXGroup;
			children = (
				58DEBC68124009E500DE7C7E /* PSCocoaExtensions.h */,
				58DEBC69124009E500DE7C7E /* PSCocoaExtensions.m */,
				58DEBC6A124009E500DE7C7E /* PSFoundationExtensions.h */,
				58DEBC6B124009E500DE7C7E /* PSFoundationExtensions.m */,
				58DEBC6C124009E500DE7C7E /* PSIntArray.h */,
				58DEBC6D124009E500DE7C7E /* PSIntArray.m */,
				58DEBC6E124009E500DE7C7E /* PsiToolkit.h */,
				58DEBC6F124009E500DE7C7E /* PSMacros.h */,
				58DEBC70124009E500DE7C7E /* PSModel.h */,
				58DEBC71124009E500DE7C7E /* PSModel.m */,
				58DEBC72124009E500DE7C7E /* PSModelManager.h */,
				58DEBC73124009E500DE7C7E /* PSModelManager.m */,
				58DEBC74124009E500DE7C7E /* PSPathBuilder.h */,
				58DEBC75124009E500DE7C7E /* PSPathBuilder.m */,
			);
			path = PsiToolkit;
			sourceTree = "<group>";
		};
		58DEC04E1242B47100DE7C7E /* RegexKitLite */ = {
			isa = PBXGroup;
			children = (
				58DEC04F1242B47100DE7C7E /* RegexKitLite.h */,
				58DEC0501242B47100DE7C7E /* RegexKitLite.m */,
			);
			path = RegexKitLite;
			sourceTree = "<group>";
		};
		58DEC81D1246C63400DE7C7E /* Classes */ = {
			isa = PBXGroup;
			children = (
				58DEC81E1246C6B300DE7C7E /* Commit.h */,
				58DEC81F1246C6B300DE7C7E /* Commit.m */,
				585886691264E25000AD2F1A /* CommitWindowController.h */,
				5858866A1264E25000AD2F1A /* CommitWindowController.m */,
				58DEC8201246C6B300DE7C7E /* Defaults.h */,
				58DEC8211246C6B300DE7C7E /* Defaults.m */,
				58DEC8221246C6B300DE7C7E /* Git.h */,
				58DEC8231246C6B300DE7C7E /* Git.m */,
				58DEC8241246C6B300DE7C7E /* GitifierAppDelegate.h */,
				58DEC8251246C6B300DE7C7E /* GitifierAppDelegate.m */,
				582E744D126B1D3E0077D935 /* GrowlController.h */,
				582E744E126B1D3E0077D935 /* GrowlController.m */,
				58DEC8261246C6B300DE7C7E /* LoginItemController.h */,
				58DEC8271246C6B300DE7C7E /* LoginItemController.m */,
				58DEC8281246C6B300DE7C7E /* Monitor.h */,
				58DEC8291246C6B300DE7C7E /* Monitor.m */,
				58DEC82A1246C6B300DE7C7E /* NewRepositoryDialogController.h */,
				58DEC82B1246C6B300DE7C7E /* NewRepositoryDialogController.m */,
				58DEC82C1246C6B300DE7C7E /* PreferencesWindowController.h */,
				58DEC82D1246C6B300DE7C7E /* PreferencesWindowController.m */,
				58DEC82E1246C6B300DE7C7E /* Repository.h */,
				58DEC82F1246C6B300DE7C7E /* Repository.m */,
				58DEC8301246C6B300DE7C7E /* RepositoryListController.h */,
				58DEC8311246C6B300DE7C7E /* RepositoryListController.m */,
				58DEC8321246C6B300DE7C7E /* StatusBarController.h */,
				58DEC8331246C6B300DE7C7E /* StatusBarController.m */,
				58DEC8341246C6B300DE7C7E /* Utils.h */,
				58DEC8351246C6B300DE7C7E /* Utils.m */,
			);
			path = Classes;
			sourceTree = "<group>";
		};
		58DECCC5124969BF00DE7C7E /* DBPrefsController */ = {
			isa = PBXGroup;
			children = (
				58DECCC7124969DE00DE7C7E /* DBPrefsWindowController.h */,
				58DECCC8124969DE00DE7C7E /* DBPrefsWindowController.m */,
			);
			path = DBPrefsController;
			sourceTree = "<group>";
		};
/* End PBXGroup section */

/* Begin PBXNativeTarget section */
		588ACB08124AAE96004F3785 /* AskPass */ = {
			isa = PBXNativeTarget;
			buildConfigurationList = 588ACB0D124AAEB5004F3785 /* Build configuration list for PBXNativeTarget "AskPass" */;
			buildPhases = (
				588ACB06124AAE96004F3785 /* Sources */,
				588ACB07124AAE96004F3785 /* Frameworks */,
			);
			buildRules = (
			);
			dependencies = (
			);
			name = AskPass;
			productName = AskPass;
			productReference = 588ACB09124AAE96004F3785 /* AskPass */;
			productType = "com.apple.product-type.tool";
		};
		8D1107260486CEB800E47090 /* Gitifier */ = {
			isa = PBXNativeTarget;
			buildConfigurationList = C01FCF4A08A954540054247B /* Build configuration list for PBXNativeTarget "Gitifier" */;
			buildPhases = (
				8D1107290486CEB800E47090 /* Resources */,
				8D11072C0486CEB800E47090 /* Sources */,
				8D11072E0486CEB800E47090 /* Frameworks */,
				58DEC0FD1242C39600DE7C7E /* CopyFiles */,
			);
			buildRules = (
			);
			dependencies = (
				588ACBE7124AB0C3004F3785 /* PBXTargetDependency */,
			);
			name = Gitifier;
			productInstallPath = "$(HOME)/Applications";
			productName = Gitifier;
			productReference = 8D1107320486CEB800E47090 /* Gitifier.app */;
			productType = "com.apple.product-type.application";
		};
/* End PBXNativeTarget section */

/* Begin PBXProject section */
		29B97313FDCFA39411CA2CEA /* Project object */ = {
			isa = PBXProject;
			buildConfigurationList = C01FCF4E08A954540054247B /* Build configuration list for PBXProject "Gitifier" */;
			compatibilityVersion = "Xcode 3.1";
			developmentRegion = English;
			hasScannedForEncodings = 1;
			knownRegions = (
				English,
				Japanese,
				French,
				German,
			);
			mainGroup = 29B97314FDCFA39411CA2CEA /* Gitifier */;
			projectDirPath = "";
			projectRoot = "";
			targets = (
				8D1107260486CEB800E47090 /* Gitifier */,
				588ACB08124AAE96004F3785 /* AskPass */,
			);
		};
/* End PBXProject section */

/* Begin PBXResourcesBuildPhase section */
		8D1107290486CEB800E47090 /* Resources */ = {
			isa = PBXResourcesBuildPhase;
			buildActionMask = 2147483647;
			files = (
				8D11072B0486CEB800E47090 /* InfoPlist.strings in Resources */,
				1DDD58160DA1D0A300B32029 /* MainMenu.xib in Resources */,
				58DEC10E1242C3C200DE7C7E /* Growl Registration Ticket.growlRegDict in Resources */,
				58DEC36612451E7D00DE7C7E /* Preferences.xib in Resources */,
				588ACBD9124AB094004F3785 /* AskPass in Resources */,
				588ACDF3124C184E004F3785 /* sparkle_pub_key.pem in Resources */,
				58CC7460124EBACA003BA5EB /* icon_menu.png in Resources */,
				58CC7466124EBB20003BA5EB /* icon_menu_inverted.png in Resources */,
				58CC74FA124ECAEA003BA5EB /* icon_app_32.png in Resources */,
				58CC7525124ED08A003BA5EB /* icon_app.icns in Resources */,
				585886631264DB7A00AD2F1A /* CommitWindow.xib in Resources */,
			);
			runOnlyForDeploymentPostprocessing = 0;
		};
/* End PBXResourcesBuildPhase section */

/* Begin PBXSourcesBuildPhase section */
		588ACB06124AAE96004F3785 /* Sources */ = {
			isa = PBXSourcesBuildPhase;
			buildActionMask = 2147483647;
			files = (
				588ACB0F124AAF12004F3785 /* PasswordHelper.m in Sources */,
				588ACB10124AAF13004F3785 /* Askpass.m in Sources */,
			);
			runOnlyForDeploymentPostprocessing = 0;
		};
		8D11072C0486CEB800E47090 /* Sources */ = {
			isa = PBXSourcesBuildPhase;
			buildActionMask = 2147483647;
			files = (
				8D11072D0486CEB800E47090 /* main.m in Sources */,
				58DEBC83124009E500DE7C7E /* PSCocoaExtensions.m in Sources */,
				58DEBC84124009E500DE7C7E /* PSFoundationExtensions.m in Sources */,
				58DEBC85124009E500DE7C7E /* PSIntArray.m in Sources */,
				58DEBC86124009E500DE7C7E /* PSModel.m in Sources */,
				58DEBC87124009E500DE7C7E /* PSModelManager.m in Sources */,
				58DEBC88124009E500DE7C7E /* PSPathBuilder.m in Sources */,
				58DEC0511242B47100DE7C7E /* RegexKitLite.m in Sources */,
				58DEC8361246C6B300DE7C7E /* Commit.m in Sources */,
				58DEC8371246C6B300DE7C7E /* Defaults.m in Sources */,
				58DEC8381246C6B300DE7C7E /* Git.m in Sources */,
				58DEC8391246C6B300DE7C7E /* GitifierAppDelegate.m in Sources */,
				58DEC83A1246C6B300DE7C7E /* LoginItemController.m in Sources */,
				58DEC83B1246C6B300DE7C7E /* Monitor.m in Sources */,
				58DEC83C1246C6B300DE7C7E /* NewRepositoryDialogController.m in Sources */,
				58DEC83D1246C6B300DE7C7E /* PreferencesWindowController.m in Sources */,
				58DEC83E1246C6B300DE7C7E /* Repository.m in Sources */,
				58DEC83F1246C6B300DE7C7E /* RepositoryListController.m in Sources */,
				58DEC8401246C6B300DE7C7E /* StatusBarController.m in Sources */,
				58DEC8411246C6B300DE7C7E /* Utils.m in Sources */,
				58DECCC9124969DE00DE7C7E /* DBPrefsWindowController.m in Sources */,
				5858866B1264E25000AD2F1A /* CommitWindowController.m in Sources */,
				5858898F1266417700AD2F1A /* ANSIEscapeHelper.m in Sources */,
				582E744F126B1D3E0077D935 /* GrowlController.m in Sources */,
			);
			runOnlyForDeploymentPostprocessing = 0;
		};
/* End PBXSourcesBuildPhase section */

/* Begin PBXTargetDependency section */
		588ACBE7124AB0C3004F3785 /* PBXTargetDependency */ = {
			isa = PBXTargetDependency;
			target = 588ACB08124AAE96004F3785 /* AskPass */;
			targetProxy = 588ACBE6124AB0C3004F3785 /* PBXContainerItemProxy */;
		};
/* End PBXTargetDependency section */

/* Begin PBXVariantGroup section */
		089C165CFE840E0CC02AAC07 /* InfoPlist.strings */ = {
			isa = PBXVariantGroup;
			children = (
				089C165DFE840E0CC02AAC07 /* English */,
			);
			name = InfoPlist.strings;
			sourceTree = "<group>";
		};
		1DDD58140DA1D0A300B32029 /* MainMenu.xib */ = {
			isa = PBXVariantGroup;
			children = (
				1DDD58150DA1D0A300B32029 /* English */,
			);
			name = MainMenu.xib;
			sourceTree = "<group>";
		};
		585886621264DB7A00AD2F1A /* CommitWindow.xib */ = {
			isa = PBXVariantGroup;
			children = (
				585886601264DB6A00AD2F1A /* English */,
			);
			name = CommitWindow.xib;
			sourceTree = "<group>";
		};
		58DEC36512451E7D00DE7C7E /* Preferences.xib */ = {
			isa = PBXVariantGroup;
			children = (
				58DEC35F12451E5C00DE7C7E /* English */,
			);
			name = Preferences.xib;
			sourceTree = "<group>";
		};
/* End PBXVariantGroup section */

/* Begin XCBuildConfiguration section */
		588ACB0B124AAE96004F3785 /* Debug */ = {
			isa = XCBuildConfiguration;
			buildSettings = {
				ALWAYS_SEARCH_USER_PATHS = NO;
				COPY_PHASE_STRIP = NO;
				GCC_DYNAMIC_NO_PIC = NO;
				GCC_ENABLE_FIX_AND_CONTINUE = YES;
				GCC_MODEL_TUNING = G5;
				GCC_OPTIMIZATION_LEVEL = 0;
				GCC_PRECOMPILE_PREFIX_HEADER = YES;
				GCC_PREFIX_HEADER = "$(SYSTEM_LIBRARY_DIR)/Frameworks/AppKit.framework/Headers/AppKit.h";
				INSTALL_PATH = /usr/local/bin;
				OTHER_LDFLAGS = (
					"-framework",
					Foundation,
					"-framework",
					AppKit,
				);
				PREBINDING = NO;
				PRODUCT_NAME = AskPass;
			};
			name = Debug;
		};
		588ACB0C124AAE96004F3785 /* Release */ = {
			isa = XCBuildConfiguration;
			buildSettings = {
				ALWAYS_SEARCH_USER_PATHS = NO;
				COPY_PHASE_STRIP = YES;
				DEBUG_INFORMATION_FORMAT = "dwarf-with-dsym";
				GCC_ENABLE_FIX_AND_CONTINUE = NO;
				GCC_MODEL_TUNING = G5;
				GCC_PRECOMPILE_PREFIX_HEADER = YES;
				GCC_PREFIX_HEADER = "$(SYSTEM_LIBRARY_DIR)/Frameworks/AppKit.framework/Headers/AppKit.h";
				INSTALL_PATH = /usr/local/bin;
				OTHER_LDFLAGS = (
					"-framework",
					Foundation,
					"-framework",
					AppKit,
				);
				PREBINDING = NO;
				PRODUCT_NAME = AskPass;
				ZERO_LINK = NO;
			};
			name = Release;
		};
		C01FCF4B08A954540054247B /* Debug */ = {
			isa = XCBuildConfiguration;
			buildSettings = {
				ALWAYS_SEARCH_USER_PATHS = NO;
				COPY_PHASE_STRIP = NO;
				FRAMEWORK_SEARCH_PATHS = (
					"$(inherited)",
					"\"$(SRCROOT)/Lib\"",
				);
				GCC_DYNAMIC_NO_PIC = NO;
				GCC_ENABLE_FIX_AND_CONTINUE = YES;
				GCC_MODEL_TUNING = G5;
				GCC_OPTIMIZATION_LEVEL = 0;
				GCC_PRECOMPILE_PREFIX_HEADER = YES;
				GCC_PREFIX_HEADER = Gitifier_Prefix.pch;
				INFOPLIST_FILE = "Gitifier-Info.plist";
				INSTALL_PATH = "$(HOME)/Applications";
				PRODUCT_NAME = Gitifier;
			};
			name = Debug;
		};
		C01FCF4C08A954540054247B /* Release */ = {
			isa = XCBuildConfiguration;
			buildSettings = {
				ALWAYS_SEARCH_USER_PATHS = NO;
				DEBUG_INFORMATION_FORMAT = "dwarf-with-dsym";
				FRAMEWORK_SEARCH_PATHS = (
					"$(inherited)",
					"\"$(SRCROOT)/Lib\"",
				);
				GCC_MODEL_TUNING = G5;
				GCC_PRECOMPILE_PREFIX_HEADER = YES;
				GCC_PREFIX_HEADER = Gitifier_Prefix.pch;
				INFOPLIST_FILE = "Gitifier-Info.plist";
				INSTALL_PATH = "$(HOME)/Applications";
				PRODUCT_NAME = Gitifier;
			};
			name = Release;
		};
		C01FCF4F08A954540054247B /* Debug */ = {
			isa = XCBuildConfiguration;
			buildSettings = {
				ARCHS = "$(ARCHS_STANDARD_32_64_BIT)";
				GCC_C_LANGUAGE_STANDARD = gnu99;
				GCC_ENABLE_OBJC_GC = required;
				GCC_OPTIMIZATION_LEVEL = 0;
				GCC_WARN_ABOUT_RETURN_TYPE = YES;
				GCC_WARN_UNUSED_VARIABLE = YES;
				MACOSX_DEPLOYMENT_TARGET = 10.5;
				ONLY_ACTIVE_ARCH = YES;
				PREBINDING = NO;
				SDKROOT = macosx10.6;
			};
			name = Debug;
		};
		C01FCF5008A954540054247B /* Release */ = {
			isa = XCBuildConfiguration;
			buildSettings = {
				ARCHS = "$(ARCHS_STANDARD_32_64_BIT)";
				GCC_C_LANGUAGE_STANDARD = gnu99;
				GCC_ENABLE_OBJC_GC = required;
				GCC_WARN_ABOUT_RETURN_TYPE = YES;
				GCC_WARN_UNUSED_VARIABLE = YES;
				MACOSX_DEPLOYMENT_TARGET = 10.5;
				PREBINDING = NO;
				SDKROOT = macosx10.6;
			};
			name = Release;
		};
/* End XCBuildConfiguration section */

/* Begin XCConfigurationList section */
		588ACB0D124AAEB5004F3785 /* Build configuration list for PBXNativeTarget "AskPass" */ = {
			isa = XCConfigurationList;
			buildConfigurations = (
				588ACB0B124AAE96004F3785 /* Debug */,
				588ACB0C124AAE96004F3785 /* Release */,
			);
			defaultConfigurationIsVisible = 0;
			defaultConfigurationName = Release;
		};
		C01FCF4A08A954540054247B /* Build configuration list for PBXNativeTarget "Gitifier" */ = {
			isa = XCConfigurationList;
			buildConfigurations = (
				C01FCF4B08A954540054247B /* Debug */,
				C01FCF4C08A954540054247B /* Release */,
			);
			defaultConfigurationIsVisible = 0;
			defaultConfigurationName = Release;
		};
		C01FCF4E08A954540054247B /* Build configuration list for PBXProject "Gitifier" */ = {
			isa = XCConfigurationList;
			buildConfigurations = (
				C01FCF4F08A954540054247B /* Debug */,
				C01FCF5008A954540054247B /* Release */,
			);
			defaultConfigurationIsVisible = 0;
			defaultConfigurationName = Release;
		};
/* End XCConfigurationList section */
	};
	rootObject = 29B97313FDCFA39411CA2CEA /* Project object */;
}
