// !$*UTF8*$!
{
	archiveVersion = 1;
	classes = {
	};
	objectVersion = 45;
	objects = {

/* Begin PBXBuildFile section */
		1DDD58160DA1D0A300B32029 /* MainMenu.xib in Resources */ = {isa = PBXBuildFile; fileRef = 1DDD58140DA1D0A300B32029 /* MainMenu.xib */; };
		256AC3DA0F4B6AC300CF3369 /* GitifierAppDelegate.m in Sources */ = {isa = PBXBuildFile; fileRef = 256AC3D90F4B6AC300CF3369 /* GitifierAppDelegate.m */; };
		58AA4BDE123D607000E2E059 /* menu_icon.png in Resources */ = {isa = PBXBuildFile; fileRef = 58AA4BDD123D607000E2E059 /* menu_icon.png */; };
		58AA4C7A123D6EBA00E2E059 /* Repository.m in Sources */ = {isa = PBXBuildFile; fileRef = 58AA4C79123D6EBA00E2E059 /* Repository.m */; };
		58DEBC83124009E500DE7C7E /* PSCocoaExtensions.m in Sources */ = {isa = PBXBuildFile; fileRef = 58DEBC69124009E500DE7C7E /* PSCocoaExtensions.m */; };
		58DEBC84124009E500DE7C7E /* PSFoundationExtensions.m in Sources */ = {isa = PBXBuildFile; fileRef = 58DEBC6B124009E500DE7C7E /* PSFoundationExtensions.m */; };
		58DEBC85124009E500DE7C7E /* PSIntArray.m in Sources */ = {isa = PBXBuildFile; fileRef = 58DEBC6D124009E500DE7C7E /* PSIntArray.m */; };
		58DEBC86124009E500DE7C7E /* PSModel.m in Sources */ = {isa = PBXBuildFile; fileRef = 58DEBC71124009E500DE7C7E /* PSModel.m */; };
		58DEBC87124009E500DE7C7E /* PSModelManager.m in Sources */ = {isa = PBXBuildFile; fileRef = 58DEBC73124009E500DE7C7E /* PSModelManager.m */; };
		58DEBC88124009E500DE7C7E /* PSPathBuilder.m in Sources */ = {isa = PBXBuildFile; fileRef = 58DEBC75124009E500DE7C7E /* PSPathBuilder.m */; };
		58DEBCC012400EB200DE7C7E /* Git.m in Sources */ = {isa = PBXBuildFile; fileRef = 58DEBCBF12400EB200DE7C7E /* Git.m */; };
		58DEBD0012402BC500DE7C7E /* libcrypto.dylib in Frameworks */ = {isa = PBXBuildFile; fileRef = 58DEBCFF12402BC500DE7C7E /* libcrypto.dylib */; };
		58DEBD2912402EF400DE7C7E /* Utils.m in Sources */ = {isa = PBXBuildFile; fileRef = 58DEBD2812402EF400DE7C7E /* Utils.m */; };
		58DEC0511242B47100DE7C7E /* RegexKitLite.m in Sources */ = {isa = PBXBuildFile; fileRef = 58DEC0501242B47100DE7C7E /* RegexKitLite.m */; };
		58DEC0591242B6EB00DE7C7E /* libicucore.dylib in Frameworks */ = {isa = PBXBuildFile; fileRef = 58DEC0581242B6EB00DE7C7E /* libicucore.dylib */; };
		8D11072B0486CEB800E47090 /* InfoPlist.strings in Resources */ = {isa = PBXBuildFile; fileRef = 089C165CFE840E0CC02AAC07 /* InfoPlist.strings */; };
		8D11072D0486CEB800E47090 /* main.m in Sources */ = {isa = PBXBuildFile; fileRef = 29B97316FDCFA39411CA2CEA /* main.m */; settings = {ATTRIBUTES = (); }; };
		8D11072F0486CEB800E47090 /* Cocoa.framework in Frameworks */ = {isa = PBXBuildFile; fileRef = 1058C7A1FEA54F0111CA2CBB /* Cocoa.framework */; };
/* End PBXBuildFile section */

/* Begin PBXFileReference section */
		089C165DFE840E0CC02AAC07 /* English */ = {isa = PBXFileReference; fileEncoding = 4; lastKnownFileType = text.plist.strings; name = English; path = English.lproj/InfoPlist.strings; sourceTree = "<group>"; };
		1058C7A1FEA54F0111CA2CBB /* Cocoa.framework */ = {isa = PBXFileReference; lastKnownFileType = wrapper.framework; name = Cocoa.framework; path = /System/Library/Frameworks/Cocoa.framework; sourceTree = "<absolute>"; };
		13E42FB307B3F0F600E4EEF1 /* CoreData.framework */ = {isa = PBXFileReference; lastKnownFileType = wrapper.framework; name = CoreData.framework; path = /System/Library/Frameworks/CoreData.framework; sourceTree = "<absolute>"; };
		1DDD58150DA1D0A300B32029 /* English */ = {isa = PBXFileReference; lastKnownFileType = file.xib; name = English; path = English.lproj/MainMenu.xib; sourceTree = "<group>"; };
		256AC3D80F4B6AC300CF3369 /* GitifierAppDelegate.h */ = {isa = PBXFileReference; fileEncoding = 4; lastKnownFileType = sourcecode.c.h; path = GitifierAppDelegate.h; sourceTree = "<group>"; };
		256AC3D90F4B6AC300CF3369 /* GitifierAppDelegate.m */ = {isa = PBXFileReference; fileEncoding = 4; lastKnownFileType = sourcecode.c.objc; path = GitifierAppDelegate.m; sourceTree = "<group>"; wrapsLines = 1; };
		256AC3F00F4B6AF500CF3369 /* Gitifier_Prefix.pch */ = {isa = PBXFileReference; fileEncoding = 4; lastKnownFileType = sourcecode.c.h; path = Gitifier_Prefix.pch; sourceTree = "<group>"; };
		29B97316FDCFA39411CA2CEA /* main.m */ = {isa = PBXFileReference; fileEncoding = 4; lastKnownFileType = sourcecode.c.objc; path = main.m; sourceTree = "<group>"; };
		29B97324FDCFA39411CA2CEA /* AppKit.framework */ = {isa = PBXFileReference; lastKnownFileType = wrapper.framework; name = AppKit.framework; path = /System/Library/Frameworks/AppKit.framework; sourceTree = "<absolute>"; };
		29B97325FDCFA39411CA2CEA /* Foundation.framework */ = {isa = PBXFileReference; lastKnownFileType = wrapper.framework; name = Foundation.framework; path = /System/Library/Frameworks/Foundation.framework; sourceTree = "<absolute>"; };
		58AA4BDD123D607000E2E059 /* menu_icon.png */ = {isa = PBXFileReference; lastKnownFileType = image.png; path = menu_icon.png; sourceTree = "<group>"; };
		58AA4C78123D6EBA00E2E059 /* Repository.h */ = {isa = PBXFileReference; fileEncoding = 4; lastKnownFileType = sourcecode.c.h; path = Repository.h; sourceTree = "<group>"; };
		58AA4C79123D6EBA00E2E059 /* Repository.m */ = {isa = PBXFileReference; fileEncoding = 4; lastKnownFileType = sourcecode.c.objc; path = Repository.m; sourceTree = "<group>"; };
		58DEBC68124009E500DE7C7E /* PSCocoaExtensions.h */ = {isa = PBXFileReference; fileEncoding = 4; lastKnownFileType = sourcecode.c.h; path = PSCocoaExtensions.h; sourceTree = "<group>"; };
		58DEBC69124009E500DE7C7E /* PSCocoaExtensions.m */ = {isa = PBXFileReference; fileEncoding = 4; lastKnownFileType = sourcecode.c.objc; path = PSCocoaExtensions.m; sourceTree = "<group>"; };
		58DEBC6A124009E500DE7C7E /* PSFoundationExtensions.h */ = {isa = PBXFileReference; fileEncoding = 4; lastKnownFileType = sourcecode.c.h; path = PSFoundationExtensions.h; sourceTree = "<group>"; };
		58DEBC6B124009E500DE7C7E /* PSFoundationExtensions.m */ = {isa = PBXFileReference; fileEncoding = 4; lastKnownFileType = sourcecode.c.objc; path = PSFoundationExtensions.m; sourceTree = "<group>"; };
		58DEBC6C124009E500DE7C7E /* PSIntArray.h */ = {isa = PBXFileReference; fileEncoding = 4; lastKnownFileType = sourcecode.c.h; path = PSIntArray.h; sourceTree = "<group>"; };
		58DEBC6D124009E500DE7C7E /* PSIntArray.m */ = {isa = PBXFileReference; fileEncoding = 4; lastKnownFileType = sourcecode.c.objc; path = PSIntArray.m; sourceTree = "<group>"; };
		58DEBC6E124009E500DE7C7E /* PsiToolkit.h */ = {isa = PBXFileReference; fileEncoding = 4; lastKnownFileType = sourcecode.c.h; path = PsiToolkit.h; sourceTree = "<group>"; };
		58DEBC6F124009E500DE7C7E /* PSMacros.h */ = {isa = PBXFileReference; fileEncoding = 4; lastKnownFileType = sourcecode.c.h; path = PSMacros.h; sourceTree = "<group>"; };
		58DEBC70124009E500DE7C7E /* PSModel.h */ = {isa = PBXFileReference; fileEncoding = 4; lastKnownFileType = sourcecode.c.h; path = PSModel.h; sourceTree = "<group>"; };
		58DEBC71124009E500DE7C7E /* PSModel.m */ = {isa = PBXFileReference; fileEncoding = 4; lastKnownFileType = sourcecode.c.objc; path = PSModel.m; sourceTree = "<group>"; };
		58DEBC72124009E500DE7C7E /* PSModelManager.h */ = {isa = PBXFileReference; fileEncoding = 4; lastKnownFileType = sourcecode.c.h; path = PSModelManager.h; sourceTree = "<group>"; };
		58DEBC73124009E500DE7C7E /* PSModelManager.m */ = {isa = PBXFileReference; fileEncoding = 4; lastKnownFileType = sourcecode.c.objc; path = PSModelManager.m; sourceTree = "<group>"; };
		58DEBC74124009E500DE7C7E /* PSPathBuilder.h */ = {isa = PBXFileReference; fileEncoding = 4; lastKnownFileType = sourcecode.c.h; path = PSPathBuilder.h; sourceTree = "<group>"; };
		58DEBC75124009E500DE7C7E /* PSPathBuilder.m */ = {isa = PBXFileReference; fileEncoding = 4; lastKnownFileType = sourcecode.c.objc; path = PSPathBuilder.m; sourceTree = "<group>"; };
		58DEBCBE12400EB200DE7C7E /* Git.h */ = {isa = PBXFileReference; fileEncoding = 4; lastKnownFileType = sourcecode.c.h; path = Git.h; sourceTree = "<group>"; };
		58DEBCBF12400EB200DE7C7E /* Git.m */ = {isa = PBXFileReference; fileEncoding = 4; lastKnownFileType = sourcecode.c.objc; path = Git.m; sourceTree = "<group>"; };
		58DEBCFF12402BC500DE7C7E /* libcrypto.dylib */ = {isa = PBXFileReference; lastKnownFileType = "compiled.mach-o.dylib"; name = libcrypto.dylib; path = usr/lib/libcrypto.dylib; sourceTree = SDKROOT; };
		58DEBD2712402EF400DE7C7E /* Utils.h */ = {isa = PBXFileReference; fileEncoding = 4; lastKnownFileType = sourcecode.c.h; path = Utils.h; sourceTree = "<group>"; };
		58DEBD2812402EF400DE7C7E /* Utils.m */ = {isa = PBXFileReference; fileEncoding = 4; lastKnownFileType = sourcecode.c.objc; path = Utils.m; sourceTree = "<group>"; };
		58DEC04F1242B47100DE7C7E /* RegexKitLite.h */ = {isa = PBXFileReference; fileEncoding = 4; lastKnownFileType = sourcecode.c.h; path = RegexKitLite.h; sourceTree = "<group>"; };
		58DEC0501242B47100DE7C7E /* RegexKitLite.m */ = {isa = PBXFileReference; fileEncoding = 4; lastKnownFileType = sourcecode.c.objc; path = RegexKitLite.m; sourceTree = "<group>"; };
		58DEC0581242B6EB00DE7C7E /* libicucore.dylib */ = {isa = PBXFileReference; lastKnownFileType = "compiled.mach-o.dylib"; name = libicucore.dylib; path = usr/lib/libicucore.dylib; sourceTree = SDKROOT; };
		8D1107310486CEB800E47090 /* Gitifier-Info.plist */ = {isa = PBXFileReference; fileEncoding = 4; lastKnownFileType = text.plist.xml; path = "Gitifier-Info.plist"; sourceTree = "<group>"; };
		8D1107320486CEB800E47090 /* Gitifier.app */ = {isa = PBXFileReference; explicitFileType = wrapper.application; includeInIndex = 0; path = Gitifier.app; sourceTree = BUILT_PRODUCTS_DIR; };
/* End PBXFileReference section */

/* Begin PBXFrameworksBuildPhase section */
		8D11072E0486CEB800E47090 /* Frameworks */ = {
			isa = PBXFrameworksBuildPhase;
			buildActionMask = 2147483647;
			files = (
				8D11072F0486CEB800E47090 /* Cocoa.framework in Frameworks */,
				58DEBD0012402BC500DE7C7E /* libcrypto.dylib in Frameworks */,
				58DEC0591242B6EB00DE7C7E /* libicucore.dylib in Frameworks */,
			);
			runOnlyForDeploymentPostprocessing = 0;
		};
/* End PBXFrameworksBuildPhase section */

/* Begin PBXGroup section */
		080E96DDFE201D6D7F000001 /* Classes */ = {
			isa = PBXGroup;
			children = (
				58DEBCBE12400EB200DE7C7E /* Git.h */,
				58DEBCBF12400EB200DE7C7E /* Git.m */,
				256AC3D80F4B6AC300CF3369 /* GitifierAppDelegate.h */,
				256AC3D90F4B6AC300CF3369 /* GitifierAppDelegate.m */,
				58AA4C78123D6EBA00E2E059 /* Repository.h */,
				58AA4C79123D6EBA00E2E059 /* Repository.m */,
				58DEBD2712402EF400DE7C7E /* Utils.h */,
				58DEBD2812402EF400DE7C7E /* Utils.m */,
			);
			name = Classes;
			sourceTree = "<group>";
		};
		1058C7A0FEA54F0111CA2CBB /* Linked Frameworks */ = {
			isa = PBXGroup;
			children = (
				1058C7A1FEA54F0111CA2CBB /* Cocoa.framework */,
			);
			name = "Linked Frameworks";
			sourceTree = "<group>";
		};
		1058C7A2FEA54F0111CA2CBB /* Other Frameworks */ = {
			isa = PBXGroup;
			children = (
				29B97324FDCFA39411CA2CEA /* AppKit.framework */,
				13E42FB307B3F0F600E4EEF1 /* CoreData.framework */,
				29B97325FDCFA39411CA2CEA /* Foundation.framework */,
			);
			name = "Other Frameworks";
			sourceTree = "<group>";
		};
		19C28FACFE9D520D11CA2CBB /* Products */ = {
			isa = PBXGroup;
			children = (
				8D1107320486CEB800E47090 /* Gitifier.app */,
			);
			name = Products;
			sourceTree = "<group>";
		};
		29B97314FDCFA39411CA2CEA /* Gitifier */ = {
			isa = PBXGroup;
			children = (
				080E96DDFE201D6D7F000001 /* Classes */,
				58DEBC5B124009CD00DE7C7E /* Lib */,
				29B97315FDCFA39411CA2CEA /* Other Sources */,
				29B97317FDCFA39411CA2CEA /* Resources */,
				29B97323FDCFA39411CA2CEA /* Frameworks */,
				19C28FACFE9D520D11CA2CBB /* Products */,
			);
			name = Gitifier;
			sourceTree = "<group>";
		};
		29B97315FDCFA39411CA2CEA /* Other Sources */ = {
			isa = PBXGroup;
			children = (
				256AC3F00F4B6AF500CF3369 /* Gitifier_Prefix.pch */,
				29B97316FDCFA39411CA2CEA /* main.m */,
			);
			name = "Other Sources";
			sourceTree = "<group>";
		};
		29B97317FDCFA39411CA2CEA /* Resources */ = {
			isa = PBXGroup;
			children = (
				58AA4BDA123D604A00E2E059 /* Images */,
				8D1107310486CEB800E47090 /* Gitifier-Info.plist */,
				089C165CFE840E0CC02AAC07 /* InfoPlist.strings */,
				1DDD58140DA1D0A300B32029 /* MainMenu.xib */,
			);
			name = Resources;
			sourceTree = "<group>";
		};
		29B97323FDCFA39411CA2CEA /* Frameworks */ = {
			isa = PBXGroup;
			children = (
				1058C7A0FEA54F0111CA2CBB /* Linked Frameworks */,
				1058C7A2FEA54F0111CA2CBB /* Other Frameworks */,
				58DEC0581242B6EB00DE7C7E /* libicucore.dylib */,
				58DEBCFF12402BC500DE7C7E /* libcrypto.dylib */,
			);
			name = Frameworks;
			sourceTree = "<group>";
		};
		58AA4BDA123D604A00E2E059 /* Images */ = {
			isa = PBXGroup;
			children = (
				58AA4BDD123D607000E2E059 /* menu_icon.png */,
			);
			path = Images;
			sourceTree = "<group>";
		};
		58DEBC5B124009CD00DE7C7E /* Lib */ = {
			isa = PBXGroup;
			children = (
				58DEC04E1242B47100DE7C7E /* RegexKitLite */,
				58DEBC5C124009E500DE7C7E /* PsiToolkit */,
			);
			path = Lib;
			sourceTree = "<group>";
		};
		58DEBC5C124009E500DE7C7E /* PsiToolkit */ = {
			isa = PBXGroup;
			children = (
				58DEBC68124009E500DE7C7E /* PSCocoaExtensions.h */,
				58DEBC69124009E500DE7C7E /* PSCocoaExtensions.m */,
				58DEBC6A124009E500DE7C7E /* PSFoundationExtensions.h */,
				58DEBC6B124009E500DE7C7E /* PSFoundationExtensions.m */,
				58DEBC6C124009E500DE7C7E /* PSIntArray.h */,
				58DEBC6D124009E500DE7C7E /* PSIntArray.m */,
				58DEBC6E124009E500DE7C7E /* PsiToolkit.h */,
				58DEBC6F124009E500DE7C7E /* PSMacros.h */,
				58DEBC70124009E500DE7C7E /* PSModel.h */,
				58DEBC71124009E500DE7C7E /* PSModel.m */,
				58DEBC72124009E500DE7C7E /* PSModelManager.h */,
				58DEBC73124009E500DE7C7E /* PSModelManager.m */,
				58DEBC74124009E500DE7C7E /* PSPathBuilder.h */,
				58DEBC75124009E500DE7C7E /* PSPathBuilder.m */,
			);
			path = PsiToolkit;
			sourceTree = "<group>";
		};
		58DEC04E1242B47100DE7C7E /* RegexKitLite */ = {
			isa = PBXGroup;
			children = (
				58DEC04F1242B47100DE7C7E /* RegexKitLite.h */,
				58DEC0501242B47100DE7C7E /* RegexKitLite.m */,
			);
			path = RegexKitLite;
			sourceTree = "<group>";
		};
/* End PBXGroup section */

/* Begin PBXNativeTarget section */
		8D1107260486CEB800E47090 /* Gitifier */ = {
			isa = PBXNativeTarget;
			buildConfigurationList = C01FCF4A08A954540054247B /* Build configuration list for PBXNativeTarget "Gitifier" */;
			buildPhases = (
				8D1107290486CEB800E47090 /* Resources */,
				8D11072C0486CEB800E47090 /* Sources */,
				8D11072E0486CEB800E47090 /* Frameworks */,
			);
			buildRules = (
			);
			dependencies = (
			);
			name = Gitifier;
			productInstallPath = "$(HOME)/Applications";
			productName = Gitifier;
			productReference = 8D1107320486CEB800E47090 /* Gitifier.app */;
			productType = "com.apple.product-type.application";
		};
/* End PBXNativeTarget section */

/* Begin PBXProject section */
		29B97313FDCFA39411CA2CEA /* Project object */ = {
			isa = PBXProject;
			buildConfigurationList = C01FCF4E08A954540054247B /* Build configuration list for PBXProject "Gitifier" */;
			compatibilityVersion = "Xcode 3.1";
			developmentRegion = English;
			hasScannedForEncodings = 1;
			knownRegions = (
				English,
				Japanese,
				French,
				German,
			);
			mainGroup = 29B97314FDCFA39411CA2CEA /* Gitifier */;
			projectDirPath = "";
			projectRoot = "";
			targets = (
				8D1107260486CEB800E47090 /* Gitifier */,
			);
		};
/* End PBXProject section */

/* Begin PBXResourcesBuildPhase section */
		8D1107290486CEB800E47090 /* Resources */ = {
			isa = PBXResourcesBuildPhase;
			buildActionMask = 2147483647;
			files = (
				8D11072B0486CEB800E47090 /* InfoPlist.strings in Resources */,
				1DDD58160DA1D0A300B32029 /* MainMenu.xib in Resources */,
				58AA4BDE123D607000E2E059 /* menu_icon.png in Resources */,
			);
			runOnlyForDeploymentPostprocessing = 0;
		};
/* End PBXResourcesBuildPhase section */

/* Begin PBXSourcesBuildPhase section */
		8D11072C0486CEB800E47090 /* Sources */ = {
			isa = PBXSourcesBuildPhase;
			buildActionMask = 2147483647;
			files = (
				8D11072D0486CEB800E47090 /* main.m in Sources */,
				256AC3DA0F4B6AC300CF3369 /* GitifierAppDelegate.m in Sources */,
				58AA4C7A123D6EBA00E2E059 /* Repository.m in Sources */,
				58DEBC83124009E500DE7C7E /* PSCocoaExtensions.m in Sources */,
				58DEBC84124009E500DE7C7E /* PSFoundationExtensions.m in Sources */,
				58DEBC85124009E500DE7C7E /* PSIntArray.m in Sources */,
				58DEBC86124009E500DE7C7E /* PSModel.m in Sources */,
				58DEBC87124009E500DE7C7E /* PSModelManager.m in Sources */,
				58DEBC88124009E500DE7C7E /* PSPathBuilder.m in Sources */,
				58DEBCC012400EB200DE7C7E /* Git.m in Sources */,
				58DEBD2912402EF400DE7C7E /* Utils.m in Sources */,
				58DEC0511242B47100DE7C7E /* RegexKitLite.m in Sources */,
			);
			runOnlyForDeploymentPostprocessing = 0;
		};
/* End PBXSourcesBuildPhase section */

/* Begin PBXVariantGroup section */
		089C165CFE840E0CC02AAC07 /* InfoPlist.strings */ = {
			isa = PBXVariantGroup;
			children = (
				089C165DFE840E0CC02AAC07 /* English */,
			);
			name = InfoPlist.strings;
			sourceTree = "<group>";
		};
		1DDD58140DA1D0A300B32029 /* MainMenu.xib */ = {
			isa = PBXVariantGroup;
			children = (
				1DDD58150DA1D0A300B32029 /* English */,
			);
			name = MainMenu.xib;
			sourceTree = "<group>";
		};
/* End PBXVariantGroup section */

/* Begin XCBuildConfiguration section */
		C01FCF4B08A954540054247B /* Debug */ = {
			isa = XCBuildConfiguration;
			buildSettings = {
				ALWAYS_SEARCH_USER_PATHS = NO;
				COPY_PHASE_STRIP = NO;
				GCC_DYNAMIC_NO_PIC = NO;
				GCC_ENABLE_FIX_AND_CONTINUE = YES;
				GCC_MODEL_TUNING = G5;
				GCC_OPTIMIZATION_LEVEL = 0;
				GCC_PRECOMPILE_PREFIX_HEADER = YES;
				GCC_PREFIX_HEADER = Gitifier_Prefix.pch;
				INFOPLIST_FILE = "Gitifier-Info.plist";
				INSTALL_PATH = "$(HOME)/Applications";
				PRODUCT_NAME = Gitifier;
			};
			name = Debug;
		};
		C01FCF4C08A954540054247B /* Release */ = {
			isa = XCBuildConfiguration;
			buildSettings = {
				ALWAYS_SEARCH_USER_PATHS = NO;
				DEBUG_INFORMATION_FORMAT = "dwarf-with-dsym";
				GCC_MODEL_TUNING = G5;
				GCC_PRECOMPILE_PREFIX_HEADER = YES;
				GCC_PREFIX_HEADER = Gitifier_Prefix.pch;
				INFOPLIST_FILE = "Gitifier-Info.plist";
				INSTALL_PATH = "$(HOME)/Applications";
				PRODUCT_NAME = Gitifier;
			};
			name = Release;
		};
		C01FCF4F08A954540054247B /* Debug */ = {
			isa = XCBuildConfiguration;
			buildSettings = {
				ARCHS = "$(ARCHS_STANDARD_32_64_BIT)";
				GCC_C_LANGUAGE_STANDARD = gnu99;
				GCC_ENABLE_OBJC_GC = required;
				GCC_OPTIMIZATION_LEVEL = 0;
				GCC_WARN_ABOUT_RETURN_TYPE = YES;
				GCC_WARN_UNUSED_VARIABLE = YES;
				MACOSX_DEPLOYMENT_TARGET = 10.5;
				ONLY_ACTIVE_ARCH = YES;
				PREBINDING = NO;
				SDKROOT = macosx10.6;
			};
			name = Debug;
		};
		C01FCF5008A954540054247B /* Release */ = {
			isa = XCBuildConfiguration;
			buildSettings = {
				ARCHS = "$(ARCHS_STANDARD_32_64_BIT)";
				GCC_C_LANGUAGE_STANDARD = gnu99;
				GCC_ENABLE_OBJC_GC = required;
				GCC_WARN_ABOUT_RETURN_TYPE = YES;
				GCC_WARN_UNUSED_VARIABLE = YES;
				MACOSX_DEPLOYMENT_TARGET = 10.5;
				PREBINDING = NO;
				SDKROOT = macosx10.6;
			};
			name = Release;
		};
/* End XCBuildConfiguration section */

/* Begin XCConfigurationList section */
		C01FCF4A08A954540054247B /* Build configuration list for PBXNativeTarget "Gitifier" */ = {
			isa = XCConfigurationList;
			buildConfigurations = (
				C01FCF4B08A954540054247B /* Debug */,
				C01FCF4C08A954540054247B /* Release */,
			);
			defaultConfigurationIsVisible = 0;
			defaultConfigurationName = Release;
		};
		C01FCF4E08A954540054247B /* Build configuration list for PBXProject "Gitifier" */ = {
			isa = XCConfigurationList;
			buildConfigurations = (
				C01FCF4F08A954540054247B /* Debug */,
				C01FCF5008A954540054247B /* Release */,
			);
			defaultConfigurationIsVisible = 0;
			defaultConfigurationName = Release;
		};
/* End XCConfigurationList section */
	};
	rootObject = 29B97313FDCFA39411CA2CEA /* Project object */;
}
